// !$*UTF8*$!
{
	archiveVersion = 1;
	classes = {
	};
	objectVersion = 60;
	objects = {

/* Begin PBXBuildFile section */
		D00000000000000000000003 /* LogSenseDemoApp.swift in Sources */ = {isa = PBXBuildFile; fileRef = D00000000000000000000001 /* LogSenseDemoApp.swift */; };
		D00000000000000000000004 /* ContentView.swift in Sources */ = {isa = PBXBuildFile; fileRef = D00000000000000000000002 /* ContentView.swift */; };
		D00000000000000000000005 /* LogSense in Frameworks */ = {isa = PBXBuildFile; productRef = D00000000000000000000051 /* LogSense */; };
		D00000000000000000000063 /* LogSenseDemoWidgets.swift in Sources */ = {isa = PBXBuildFile; fileRef = D00000000000000000000060 /* LogSenseDemoWidgets.swift */; };
		D00000000000000000000064 /* LogSense in Frameworks */ = {isa = PBXBuildFile; productRef = D00000000000000000000052 /* LogSense */; };
		D00000000000000000000065 /* LogSenseDemoWidgets.appex in Embed Foundation Extensions */ = {isa = PBXBuildFile; fileRef = D00000000000000000000062 /* LogSenseDemoWidgets.appex */; settings = {ATTRIBUTES = (RemoveHeadersOnCopy, ); }; };
/* End PBXBuildFile section */

/* Begin PBXContainerItemProxy section */
		D00000000000000000000078 /* PBXContainerItemProxy */ = {
			isa = PBXContainerItemProxy;
			containerPortal = D00000000000000000000031 /* Project object */;
			proxyType = 1;
			remoteGlobalIDString = D00000000000000000000070;
			remoteInfo = LogSenseDemoWidgets;
		};
/* End PBXContainerItemProxy section */

/* Begin PBXCopyFilesBuildPhase section */
		D00000000000000000000076 /* Embed Foundation Extensions */ = {
			isa = PBXCopyFilesBuildPhase;
			buildActionMask = 2147483647;
			dstPath = "";
			dstSubfolderSpec = 13;
			files = (
				D00000000000000000000065 /* LogSenseDemoWidgets.appex in Embed Foundation Extensions */,
			);
			name = "Embed Foundation Extensions";
			runOnlyForDeploymentPostprocessing = 0;
		};
/* End PBXCopyFilesBuildPhase section */

/* Begin PBXFileReference section */
		D00000000000000000000001 /* LogSenseDemoApp.swift */ = {isa = PBXFileReference; lastKnownFileType = sourcecode.swift; path = LogSenseDemoApp.swift; sourceTree = "<group>"; };
		D00000000000000000000002 /* ContentView.swift */ = {isa = PBXFileReference; lastKnownFileType = sourcecode.swift; path = ContentView.swift; sourceTree = "<group>"; };
		D00000000000000000000020 /* LogSenseDemo.app */ = {isa = PBXFileReference; explicitFileType = wrapper.application; includeInIndex = 0; path = LogSenseDemo.app; sourceTree = BUILT_PRODUCTS_DIR; };
		D00000000000000000000060 /* LogSenseDemoWidgets.swift */ = {isa = PBXFileReference; lastKnownFileType = sourcecode.swift; path = LogSenseDemoWidgets.swift; sourceTree = "<group>"; };
		D00000000000000000000061 /* Info.plist */ = {isa = PBXFileReference; lastKnownFileType = text.plist.xml; path = Info.plist; sourceTree = "<group>"; };
		D00000000000000000000062 /* LogSenseDemoWidgets.appex */ = {isa = PBXFileReference; explicitFileType = "wrapper.app-extension"; includeInIndex = 0; path = LogSenseDemoWidgets.appex; sourceTree = BUILT_PRODUCTS_DIR; };
/* End PBXFileReference section */

/* Begin PBXFrameworksBuildPhase section */
		D00000000000000000000033 /* Frameworks */ = {
			isa = PBXFrameworksBuildPhase;
			buildActionMask = 2147483647;
			files = (
				D00000000000000000000005 /* LogSense in Frameworks */,
			);
			runOnlyForDeploymentPostprocessing = 0;
		};
		D00000000000000000000072 /* Frameworks */ = {
			isa = PBXFrameworksBuildPhase;
			buildActionMask = 2147483647;
			files = (
				D00000000000000000000064 /* LogSense in Frameworks */,
			);
			runOnlyForDeploymentPostprocessing = 0;
		};
/* End PBXFrameworksBuildPhase section */

/* Begin PBXGroup section */
		D00000000000000000000010 = {
			isa = PBXGroup;
			children = (
				D00000000000000000000011 /* LogSenseDemo */,
				D00000000000000000000066 /* LogSenseDemoWidgets */,
				D00000000000000000000012 /* Products */,
			);
			sourceTree = "<group>";
		};
		D00000000000000000000066 /* LogSenseDemoWidgets */ = {
			isa = PBXGroup;
			children = (
				D00000000000000000000060 /* LogSenseDemoWidgets.swift */,
				D00000000000000000000061 /* Info.plist */,
			);
			path = LogSenseDemoWidgets;
			sourceTree = "<group>";
		};
		D00000000000000000000011 /* LogSenseDemo */ = {
			isa = PBXGroup;
			children = (
				D00000000000000000000001 /* LogSenseDemoApp.swift */,
				D00000000000000000000002 /* ContentView.swift */,
			);
			path = LogSenseDemo;
			sourceTree = "<group>";
		};
		D00000000000000000000012 /* Products */ = {
			isa = PBXGroup;
			children = (
				D00000000000000000000020 /* LogSenseDemo.app */,
				D00000000000000000000062 /* LogSenseDemoWidgets.appex */,
			);
			name = Products;
			sourceTree = "<group>";
		};
/* End PBXGroup section */

/* Begin PBXNativeTarget section */
		D00000000000000000000030 /* LogSenseDemo */ = {
			isa = PBXNativeTarget;
			buildConfigurationList = D00000000000000000000045 /* Build configuration list for PBXNativeTarget "LogSenseDemo" */;
			buildPhases = (
				D00000000000000000000032 /* Sources */,
				D00000000000000000000033 /* Frameworks */,
				D00000000000000000000034 /* Resources */,
				D00000000000000000000076 /* Embed Foundation Extensions */,
			);
			buildRules = (
			);
			dependencies = (
				D00000000000000000000077 /* PBXTargetDependency */,
			);
			name = LogSenseDemo;
			packageProductDependencies = (
				D00000000000000000000051 /* LogSense */,
			);
			productName = LogSenseDemo;
			productReference = D00000000000000000000020 /* LogSenseDemo.app */;
			productType = "com.apple.product-type.application";
		};
		D00000000000000000000070 /* LogSenseDemoWidgets */ = {
			isa = PBXNativeTarget;
			buildConfigurationList = D00000000000000000000075 /* Build configuration list for PBXNativeTarget "LogSenseDemoWidgets" */;
			buildPhases = (
				D00000000000000000000071 /* Sources */,
				D00000000000000000000072 /* Frameworks */,
			);
			buildRules = (
			);
			dependencies = (
			);
			name = LogSenseDemoWidgets;
			packageProductDependencies = (
				D00000000000000000000052 /* LogSense */,
			);
			productName = LogSenseDemoWidgets;
			productReference = D00000000000000000000062 /* LogSenseDemoWidgets.appex */;
			productType = "com.apple.product-type.app-extension";
		};
/* End PBXNativeTarget section */

/* Begin PBXTargetDependency section */
		D00000000000000000000077 /* PBXTargetDependency */ = {
			isa = PBXTargetDependency;
			target = D00000000000000000000070 /* LogSenseDemoWidgets */;
			targetProxy = D00000000000000000000078 /* PBXContainerItemProxy */;
		};
/* End PBXTargetDependency section */

/* Begin PBXProject section */
		D00000000000000000000031 /* Project object */ = {
			isa = PBXProject;
			attributes = {
				BuildIndependentTargetsInParallel = 1;
				LastSwiftUpdateCheck = 1500;
				LastUpgradeCheck = 1500;
				TargetAttributes = {
					D00000000000000000000030 = {
						CreatedOnToolsVersion = 15.0;
					};
				};
			};
			buildConfigurationList = D00000000000000000000044 /* Build configuration list for PBXProject "LogSenseDemo" */;
			compatibilityVersion = "Xcode 14.0";
			developmentRegion = en;
			hasScannedForEncodings = 0;
			knownRegions = (
				en,
				Base,
			);
			mainGroup = D00000000000000000000010;
			packageReferences = (
				D00000000000000000000050 /* XCLocalSwiftPackageReference "../.." */,
			);
			productRefGroup = D00000000000000000000012 /* Products */;
			projectDirPath = "";
			projectRoot = "";
			targets = (
				D00000000000000000000030 /* LogSenseDemo */,
				D00000000000000000000070 /* LogSenseDemoWidgets */,
			);
		};
/* End PBXProject section */

/* Begin PBXResourcesBuildPhase section */
		D00000000000000000000034 /* Resources */ = {
			isa = PBXResourcesBuildPhase;
			buildActionMask = 2147483647;
			files = (
			);
			runOnlyForDeploymentPostprocessing = 0;
		};
/* End PBXResourcesBuildPhase section */

/* Begin PBXSourcesBuildPhase section */
		D00000000000000000000032 /* Sources */ = {
			isa = PBXSourcesBuildPhase;
			buildActionMask = 2147483647;
			files = (
				D00000000000000000000003 /* LogSenseDemoApp.swift in Sources */,
				D00000000000000000000004 /* ContentView.swift in Sources */,
			);
			runOnlyForDeploymentPostprocessing = 0;
		};
		D00000000000000000000071 /* Sources */ = {
			isa = PBXSourcesBuildPhase;
			buildActionMask = 2147483647;
			files = (
				D00000000000000000000063 /* LogSenseDemoWidgets.swift in Sources */,
			);
			runOnlyForDeploymentPostprocessing = 0;
		};
/* End PBXSourcesBuildPhase section */

/* Begin XCBuildConfiguration section */
		D00000000000000000000040 /* Debug */ = {
			isa = XCBuildConfiguration;
			buildSettings = {
				ALWAYS_SEARCH_USER_PATHS = NO;
				CLANG_ENABLE_MODULES = YES;
				CLANG_ENABLE_OBJC_ARC = YES;
				DEBUG_INFORMATION_FORMAT = dwarf;
				ENABLE_TESTABILITY = YES;
				GCC_OPTIMIZATION_LEVEL = 0;
				GCC_PREPROCESSOR_DEFINITIONS = (
					"DEBUG=1",
					"$(inherited)",
				);
				IPHONEOS_DEPLOYMENT_TARGET = 16.0;
				ONLY_ACTIVE_ARCH = YES;
				SDKROOT = iphoneos;
				SWIFT_ACTIVE_COMPILATION_CONDITIONS = "DEBUG $(inherited)";
				SWIFT_OPTIMIZATION_LEVEL = "-Onone";
				SWIFT_VERSION = 5.0;
			};
			name = Debug;
		};
		D00000000000000000000041 /* Release */ = {
			isa = XCBuildConfiguration;
			buildSettings = {
				ALWAYS_SEARCH_USER_PATHS = NO;
				CLANG_ENABLE_MODULES = YES;
				CLANG_ENABLE_OBJC_ARC = YES;
				DEBUG_INFORMATION_FORMAT = "dwarf-with-dsym";
				IPHONEOS_DEPLOYMENT_TARGET = 16.0;
				SDKROOT = iphoneos;
				SWIFT_COMPILATION_MODE = wholemodule;
				SWIFT_VERSION = 5.0;
				VALIDATE_PRODUCT = YES;
			};
			name = Release;
		};
		D00000000000000000000042 /* Debug */ = {
			isa = XCBuildConfiguration;
			buildSettings = {
				ASSETCATALOG_COMPILER_APPICON_NAME = AppIcon;
				CODE_SIGN_STYLE = Automatic;
				CURRENT_PROJECT_VERSION = 1;
				GENERATE_INFOPLIST_FILE = YES;
				INFOPLIST_KEY_NSSupportsLiveActivities = YES;
				INFOPLIST_KEY_UIApplicationSceneManifest_Generation = YES;
				INFOPLIST_KEY_UIApplicationSupportsIndirectInputEvents = YES;
				INFOPLIST_KEY_UILaunchScreen_Generation = YES;
				INFOPLIST_KEY_UISupportedInterfaceOrientations_iPad = "UIInterfaceOrientationPortrait UIInterfaceOrientationPortraitUpsideDown UIInterfaceOrientationLandscapeLeft UIInterfaceOrientationLandscapeRight";
				INFOPLIST_KEY_UISupportedInterfaceOrientations_iPhone = "UIInterfaceOrientationPortrait UIInterfaceOrientationLandscapeLeft UIInterfaceOrientationLandscapeRight";
				LD_RUNPATH_SEARCH_PATHS = (
					"$(inherited)",
					"@executable_path/Frameworks",
				);
				MARKETING_VERSION = 1.0;
				PRODUCT_BUNDLE_IDENTIFIER = com.msabhi.logsense.demo;
				PRODUCT_NAME = "$(TARGET_NAME)";
				SWIFT_EMIT_LOC_STRINGS = YES;
				TARGETED_DEVICE_FAMILY = "1,2";
			};
			name = Debug;
		};
		D00000000000000000000043 /* Release */ = {
			isa = XCBuildConfiguration;
			buildSettings = {
				ASSETCATALOG_COMPILER_APPICON_NAME = AppIcon;
				CODE_SIGN_STYLE = Automatic;
				CURRENT_PROJECT_VERSION = 1;
				GENERATE_INFOPLIST_FILE = YES;
				INFOPLIST_KEY_NSSupportsLiveActivities = YES;
				INFOPLIST_KEY_UIApplicationSceneManifest_Generation = YES;
				INFOPLIST_KEY_UIApplicationSupportsIndirectInputEvents = YES;
				INFOPLIST_KEY_UILaunchScreen_Generation = YES;
				INFOPLIST_KEY_UISupportedInterfaceOrientations_iPad = "UIInterfaceOrientationPortrait UIInterfaceOrientationPortraitUpsideDown UIInterfaceOrientationLandscapeLeft UIInterfaceOrientationLandscapeRight";
				INFOPLIST_KEY_UISupportedInterfaceOrientations_iPhone = "UIInterfaceOrientationPortrait UIInterfaceOrientationLandscapeLeft UIInterfaceOrientationLandscapeRight";
				LD_RUNPATH_SEARCH_PATHS = (
					"$(inherited)",
					"@executable_path/Frameworks",
				);
				MARKETING_VERSION = 1.0;
				PRODUCT_BUNDLE_IDENTIFIER = com.msabhi.logsense.demo;
				PRODUCT_NAME = "$(TARGET_NAME)";
				SWIFT_EMIT_LOC_STRINGS = YES;
				TARGETED_DEVICE_FAMILY = "1,2";
			};
			name = Release;
		};
/* End XCBuildConfiguration section */

		D00000000000000000000073 /* Debug */ = {
			isa = XCBuildConfiguration;
			buildSettings = {
				CODE_SIGN_STYLE = Automatic;
				CURRENT_PROJECT_VERSION = 1;
				GENERATE_INFOPLIST_FILE = YES;
				INFOPLIST_FILE = LogSenseDemoWidgets/Info.plist;
				INFOPLIST_KEY_CFBundleDisplayName = LogSenseDemoWidgets;
				IPHONEOS_DEPLOYMENT_TARGET = 17.0;
				LD_RUNPATH_SEARCH_PATHS = (
					"$(inherited)",
					"@executable_path/Frameworks",
					"@executable_path/../../Frameworks",
				);
				MARKETING_VERSION = 1.0;
				PRODUCT_BUNDLE_IDENTIFIER = com.msabhi.logsense.demo.widgets;
				PRODUCT_NAME = "$(TARGET_NAME)";
				SKIP_INSTALL = YES;
				SWIFT_EMIT_LOC_STRINGS = YES;
				SWIFT_VERSION = 5.0;
				TARGETED_DEVICE_FAMILY = "1,2";
			};
			name = Debug;
		};
		D00000000000000000000074 /* Release */ = {
			isa = XCBuildConfiguration;
			buildSettings = {
				CODE_SIGN_STYLE = Automatic;
				CURRENT_PROJECT_VERSION = 1;
				GENERATE_INFOPLIST_FILE = YES;
				INFOPLIST_FILE = LogSenseDemoWidgets/Info.plist;
				INFOPLIST_KEY_CFBundleDisplayName = LogSenseDemoWidgets;
				IPHONEOS_DEPLOYMENT_TARGET = 17.0;
				LD_RUNPATH_SEARCH_PATHS = (
					"$(inherited)",
					"@executable_path/Frameworks",
					"@executable_path/../../Frameworks",
				);
				MARKETING_VERSION = 1.0;
				PRODUCT_BUNDLE_IDENTIFIER = com.msabhi.logsense.demo.widgets;
				PRODUCT_NAME = "$(TARGET_NAME)";
				SKIP_INSTALL = YES;
				SWIFT_EMIT_LOC_STRINGS = YES;
				SWIFT_VERSION = 5.0;
				TARGETED_DEVICE_FAMILY = "1,2";
			};
			name = Release;
		};
/* End additional XCBuildConfiguration entries */

/* Begin XCConfigurationList section */
		D00000000000000000000044 /* Build configuration list for PBXProject "LogSenseDemo" */ = {
			isa = XCConfigurationList;
			buildConfigurations = (
				D00000000000000000000040 /* Debug */,
				D00000000000000000000041 /* Release */,
			);
			defaultConfigurationIsVisible = 0;
			defaultConfigurationName = Release;
		};
		D00000000000000000000045 /* Build configuration list for PBXNativeTarget "LogSenseDemo" */ = {
			isa = XCConfigurationList;
			buildConfigurations = (
				D00000000000000000000042 /* Debug */,
				D00000000000000000000043 /* Release */,
			);
			defaultConfigurationIsVisible = 0;
			defaultConfigurationName = Release;
		};
		D00000000000000000000075 /* Build configuration list for PBXNativeTarget "LogSenseDemoWidgets" */ = {
			isa = XCConfigurationList;
			buildConfigurations = (
				D00000000000000000000073 /* Debug */,
				D00000000000000000000074 /* Release */,
			);
			defaultConfigurationIsVisible = 0;
			defaultConfigurationName = Release;
		};
/* End XCConfigurationList section */

/* Begin XCLocalSwiftPackageReference section */
		D00000000000000000000050 /* XCLocalSwiftPackageReference "../.." */ = {
			isa = XCLocalSwiftPackageReference;
			relativePath = "../..";
		};
/* End XCLocalSwiftPackageReference section */

/* Begin XCSwiftPackageProductDependency section */
		D00000000000000000000051 /* LogSense */ = {
			isa = XCSwiftPackageProductDependency;
			productName = LogSense;
		};
		D00000000000000000000052 /* LogSense */ = {
			isa = XCSwiftPackageProductDependency;
			productName = LogSense;
		};
/* End XCSwiftPackageProductDependency section */
	};
	rootObject = D00000000000000000000031 /* Project object */;
}
